
Microsoft Visual Studio Solution File, Format Version 12.00
# Visual Studio Version 16
VisualStudioVersion = 16.0.29613.14
MinimumVisualStudioVersion = 10.0.40219.1
Project("{F184B08F-C81C-45F6-A57F-5ABD9991F28F}") = "IXP Gestion", "IXP Gestion\IXP Gestion.vbproj", "{6285482A-37D0-4B16-BE59-273CCADF419C}"
EndProject
Project("{F184B08F-C81C-45F6-A57F-5ABD9991F28F}") = "Reporting IXP", "Reporting IXP\Reporting IXP.vbproj", "{DBC78B2F-4F26-40C8-8B5D-07F242036329}"
EndProject
Project("{54435603-DBB4-11D2-8724-00A0C9A8B90C}") = "Setup1", "Setup1\Setup1.vdproj", "{89CA2FF9-439F-4A9F-B7E7-87FC41862355}"
EndProject
Global
	GlobalSection(SolutionConfigurationPlatforms) = preSolution
		Debug|Any CPU = Debug|Any CPU
		Release|Any CPU = Release|Any CPU
	EndGlobalSection
	GlobalSection(ProjectConfigurationPlatforms) = postSolution
		{6285482A-37D0-4B16-BE59-273CCADF419C}.Debug|Any CPU.ActiveCfg = Debug|Any CPU
		{6285482A-37D0-4B16-BE59-273CCADF419C}.Debug|Any CPU.Build.0 = Debug|Any CPU
		{6285482A-37D0-4B16-BE59-273CCADF419C}.Release|Any CPU.ActiveCfg = Release|Any CPU
		{6285482A-37D0-4B16-BE59-273CCADF419C}.Release|Any CPU.Build.0 = Release|Any CPU
		{DBC78B2F-4F26-40C8-8B5D-07F242036329}.Debug|Any CPU.ActiveCfg = Debug|Any CPU
		{DBC78B2F-4F26-40C8-8B5D-07F242036329}.Debug|Any CPU.Build.0 = Debug|Any CPU
		{DBC78B2F-4F26-40C8-8B5D-07F242036329}.Release|Any CPU.ActiveCfg = Release|Any CPU
		{DBC78B2F-4F26-40C8-8B5D-07F242036329}.Release|Any CPU.Build.0 = Release|Any CPU
		{89CA2FF9-439F-4A9F-B7E7-87FC41862355}.Debug|Any CPU.ActiveCfg = Debug
		{89CA2FF9-439F-4A9F-B7E7-87FC41862355}.Release|Any CPU.ActiveCfg = Release
	EndGlobalSection
	GlobalSection(SolutionProperties) = preSolution
		HideSolutionNode = FALSE
	EndGlobalSection
	GlobalSection(ExtensibilityGlobals) = postSolution
		SolutionGuid = {F1F119DA-73E4-4779-94F2-1ED2F7B353AB}
	EndGlobalSection
EndGlobal
