
Microsoft Visual Studio Solution File, Format Version 12.00
# Visual Studio Version 16
VisualStudioVersion = 16.0.29613.14
MinimumVisualStudioVersion = 10.0.40219.1
Project("{F184B08F-C81C-45F6-A57F-5ABD9991F28F}") = "IXP Gestion", "IXP Gestion\IXP Gestion.vbproj", "{6285482A-37D0-4B16-BE59-273CCADF419C}"
EndProject
Project("{F184B08F-C81C-45F6-A57F-5ABD9991F28F}") = "Reporting IXP", "Reporting IXP\Reporting IXP.vbproj", "{A29843B3-167B-42E8-B8E8-B7B7FFA1B896}"
EndProject
Project("{54435603-DBB4-11D2-8724-00A0C9A8B90C}") = "IXP Programme", "IXP Programme\IXP Programme.vdproj", "{79B0C42A-715F-479E-9C19-658500B360C9}"
EndProject
Global
	GlobalSection(SolutionConfigurationPlatforms) = preSolution
		Debug|Any CPU = Debug|Any CPU
		Release|Any CPU = Release|Any CPU
	EndGlobalSection
	GlobalSection(ProjectConfigurationPlatforms) = postSolution
		{6285482A-37D0-4B16-BE59-273CCADF419C}.Debug|Any CPU.ActiveCfg = Debug|Any CPU
		{6285482A-37D0-4B16-BE59-273CCADF419C}.Debug|Any CPU.Build.0 = Debug|Any CPU
		{6285482A-37D0-4B16-BE59-273CCADF419C}.Release|Any CPU.ActiveCfg = Release|Any CPU
		{6285482A-37D0-4B16-BE59-273CCADF419C}.Release|Any CPU.Build.0 = Release|Any CPU
		{A29843B3-167B-42E8-B8E8-B7B7FFA1B896}.Debug|Any CPU.ActiveCfg = Debug|Any CPU
		{A29843B3-167B-42E8-B8E8-B7B7FFA1B896}.Debug|Any CPU.Build.0 = Debug|Any CPU
		{A29843B3-167B-42E8-B8E8-B7B7FFA1B896}.Release|Any CPU.ActiveCfg = Release|Any CPU
		{A29843B3-167B-42E8-B8E8-B7B7FFA1B896}.Release|Any CPU.Build.0 = Release|Any CPU
		{79B0C42A-715F-479E-9C19-658500B360C9}.Debug|Any CPU.ActiveCfg = Debug
		{79B0C42A-715F-479E-9C19-658500B360C9}.Release|Any CPU.ActiveCfg = Release
	EndGlobalSection
	GlobalSection(SolutionProperties) = preSolution
		HideSolutionNode = FALSE
	EndGlobalSection
	GlobalSection(ExtensibilityGlobals) = postSolution
		SolutionGuid = {F1F119DA-73E4-4779-94F2-1ED2F7B353AB}
	EndGlobalSection
EndGlobal
